{
	"name": "rollup-plugin-webgl",
	"version": "0.0.0",
	"lockfileVersion": 1,
	"requires": true,
	"dependencies": {
		"@rollup/pluginutils": {
			"version": "3.1.0",
			"resolved": "https://registry.npmjs.org/@rollup/pluginutils/-/pluginutils-3.1.0.tgz",
			"integrity": "sha512-GksZ6pr6TpIjHm8h9lSQ8pi8BE9VeubNT0OMJ3B5uZJ8pz73NPiqOtCog/x2/QzM1ENChPKxMDhiQuRHsqc+lg==",
			"requires": {
				"@types/estree": "0.0.39",
				"estree-walker": "^1.0.1",
				"picomatch": "^2.2.2"
			}
		},
		"@types/estree": {
			"version": "0.0.39",
			"resolved": "https://registry.npmjs.org/@types/estree/-/estree-0.0.39.tgz",
			"integrity": "sha512-EYNwp3bU+98cpU4lAWYYL7Zz+2gryWH1qbdDTidVd6hkiR6weksdbMadyXKXNPEkQFhXM+hVO9ZygomHXp+AIw=="
		},
		"core-util-is": {
			"version": "1.0.2",
			"resolved": "https://registry.npmjs.org/core-util-is/-/core-util-is-1.0.2.tgz",
			"integrity": "sha1-tf1UIgqivFq1eqtxQMlAdUUDwac="
		},
		"cssauron": {
			"version": "1.4.0",
			"resolved": "https://registry.npmjs.org/cssauron/-/cssauron-1.4.0.tgz",
			"integrity": "sha1-pmAt/34EqDBtwNuaVR6S6LVmKtg=",
			"requires": {
				"through": "X.X.X"
			}
		},
		"cssauron-glsl": {
			"version": "0.0.0",
			"resolved": "https://registry.npmjs.org/cssauron-glsl/-/cssauron-glsl-0.0.0.tgz",
			"integrity": "sha1-418/Xsti8z9jW5KpPvlAa5+OHbo=",
			"requires": {
				"cssauron": "X.X.X"
			}
		},
		"estree-walker": {
			"version": "1.0.1",
			"resolved": "https://registry.npmjs.org/estree-walker/-/estree-walker-1.0.1.tgz",
			"integrity": "sha512-1fMXF3YP4pZZVozF8j/ZLfvnR8NSIljt56UhbZ5PeeDmmGHpgpdwQt7ITlGvYaQukCvuBRMLEiKiYC+oeIg4cg=="
		},
		"glsl-deparser": {
			"version": "1.0.0",
			"resolved": "https://registry.npmjs.org/glsl-deparser/-/glsl-deparser-1.0.0.tgz",
			"integrity": "sha1-Xn6zY+xUr5KRbM/8gu0D6b/jPgw=",
			"requires": {
				"cssauron-glsl": "X.X.X",
				"through": "~1.1.2"
			},
			"dependencies": {
				"through": {
					"version": "1.1.2",
					"resolved": "https://registry.npmjs.org/through/-/through-1.1.2.tgz",
					"integrity": "sha1-NEpUJaN3MxTKfg62US+6+vdsC/4="
				}
			}
		},
		"glsl-extract": {
			"version": "1.0.0",
			"resolved": "https://registry.npmjs.org/glsl-extract/-/glsl-extract-1.0.0.tgz",
			"integrity": "sha1-WYJIngH+cPtCUXTWbIu3RqBWo7A=",
			"requires": {
				"cssauron-glsl": "0.0.0",
				"glsl-deparser": "^1.0.0",
				"glsl-parser": "^1.0.0",
				"glsl-tokenizer": "^1.0.0",
				"through": "~2.3.4",
				"utf8-stream": "0.0.0"
			}
		},
		"glsl-parser": {
			"version": "1.0.1",
			"resolved": "https://registry.npmjs.org/glsl-parser/-/glsl-parser-1.0.1.tgz",
			"integrity": "sha1-UtFELbhMFAj6z6+frpib2tW33Js=",
			"requires": {
				"glsl-tokenizer": "^1.0.0",
				"through": "2.3.4"
			},
			"dependencies": {
				"through": {
					"version": "2.3.4",
					"resolved": "https://registry.npmjs.org/through/-/through-2.3.4.tgz",
					"integrity": "sha1-SV5A6Nio6uvHwnXqiMK4/BTFZFU="
				}
			}
		},
		"glsl-tokenizer": {
			"version": "1.1.1",
			"resolved": "https://registry.npmjs.org/glsl-tokenizer/-/glsl-tokenizer-1.1.1.tgz",
			"integrity": "sha1-6hBJ5kNqdkx52RHM96bmqnpmSNo=",
			"requires": {
				"through": "X.X.X"
			}
		},
		"inherits": {
			"version": "2.0.4",
			"resolved": "https://registry.npmjs.org/inherits/-/inherits-2.0.4.tgz",
			"integrity": "sha512-k/vGaX4/Yla3WzyMCvTQOXYeIHvqOKtnqBduzTHpzpQZzAskKMhZ2K+EnBiSM9zGSoIFeMpXKxa4dYeZIQqewQ=="
		},
		"isarray": {
			"version": "0.0.1",
			"resolved": "https://registry.npmjs.org/isarray/-/isarray-0.0.1.tgz",
			"integrity": "sha1-ihis/Kmo9Bd+Cav8YDiTmwXR7t8="
		},
		"picomatch": {
			"version": "2.2.2",
			"resolved": "https://registry.npmjs.org/picomatch/-/picomatch-2.2.2.tgz",
			"integrity": "sha512-q0M/9eZHzmr0AulXyPwNfZjtwZ/RBZlbN3K3CErVrk50T2ASYI7Bye0EvekFY3IP1Nt2DHu0re+V2ZHIpMkuWg=="
		},
		"readable-stream": {
			"version": "1.0.34",
			"resolved": "https://registry.npmjs.org/readable-stream/-/readable-stream-1.0.34.tgz",
			"integrity": "sha1-Elgg40vIQtLyqq+v5MKRbuMsFXw=",
			"requires": {
				"core-util-is": "~1.0.0",
				"inherits": "~2.0.1",
				"isarray": "0.0.1",
				"string_decoder": "~0.10.x"
			}
		},
		"string_decoder": {
			"version": "0.10.31",
			"resolved": "https://registry.npmjs.org/string_decoder/-/string_decoder-0.10.31.tgz",
			"integrity": "sha1-YuIDvEF2bGwoyfyEMB2rHFMQ+pQ="
		},
		"through": {
			"version": "2.3.8",
			"resolved": "https://registry.npmjs.org/through/-/through-2.3.8.tgz",
			"integrity": "sha1-DdTJ/6q8NXlgsbckEV1+Doai4fU="
		},
		"utf8-stream": {
			"version": "0.0.0",
			"resolved": "https://registry.npmjs.org/utf8-stream/-/utf8-stream-0.0.0.tgz",
			"integrity": "sha1-Bc5BB/zq+JOiyDj+Y6HUI0VcH8Q=",
			"requires": {
				"readable-stream": "~1.0.2"
			}
		}
	}
}
